
Microsoft Visual Studio Solution File, Format Version 12.00
# Visual Studio Version 16
VisualStudioVersion = 16.0.30611.23
MinimumVisualStudioVersion = 10.0.40219.1
Project("{FAE04EC0-301F-11D3-BF4B-00C04F79EFBC}") = "WpfApplication", "WpfApplication\WpfApplication.csproj", "{73440361-7C9F-4E02-BE0C-642841EECBDB}"
EndProject
Global
	GlobalSection(SolutionConfigurationPlatforms) = preSolution
		Debug|Any CPU = Debug|Any CPU
		Release|Any CPU = Release|Any CPU
	EndGlobalSection
	GlobalSection(ProjectConfigurationPlatforms) = postSolution
		{73440361-7C9F-4E02-BE0C-642841EECBDB}.Debug|Any CPU.ActiveCfg = Debug|Any CPU
		{73440361-7C9F-4E02-BE0C-642841EECBDB}.Debug|Any CPU.Build.0 = Debug|Any CPU
		{73440361-7C9F-4E02-BE0C-642841EECBDB}.Release|Any CPU.ActiveCfg = Release|Any CPU
		{73440361-7C9F-4E02-BE0C-642841EECBDB}.Release|Any CPU.Build.0 = Release|Any CPU
	EndGlobalSection
	GlobalSection(SolutionProperties) = preSolution
		HideSolutionNode = FALSE
	EndGlobalSection
	GlobalSection(ExtensibilityGlobals) = postSolution
		SolutionGuid = {5CFF80B2-AE6B-45C2-987E-C8A939EC4234}
	EndGlobalSection
EndGlobal
